
Microsoft Visual Studio Solution File, Format Version 12.00
# Visual Studio 15
VisualStudioVersion = 15.0.28010.2016
MinimumVisualStudioVersion = 10.0.40219.1
Project("{9A19103F-16F7-4668-BE54-9A1E7A4F7556}") = "DefiningClasses", "DefiningClasses\DefiningClasses.csproj", "{FD43847A-EDFE-4C93-8B6D-37A202AE779E}"
EndProject
Project("{9A19103F-16F7-4668-BE54-9A1E7A4F7556}") = "OpinionPoll", "Opinion Poll\OpinionPoll.csproj", "{1EE4E562-B8BC-4D76-A94F-C48FB94A5123}"
EndProject
Project("{9A19103F-16F7-4668-BE54-9A1E7A4F7556}") = "DateModifier", "DateModifier\DateModifier.csproj", "{5E038C72-FEB9-406B-921D-2439F435E2D9}"
EndProject
Project("{9A19103F-16F7-4668-BE54-9A1E7A4F7556}") = "CompanyRoster", "Company Roster\CompanyRoster.csproj", "{B3E0CE95-AD94-452C-BF13-1895F515D43D}"
EndProject
Project("{9A19103F-16F7-4668-BE54-9A1E7A4F7556}") = "SpeedRacing", "SpeedRacing\SpeedRacing.csproj", "{3AD82732-55E4-4F40-900C-8484F9625565}"
EndProject
Project("{9A19103F-16F7-4668-BE54-9A1E7A4F7556}") = "RawData", "Raw Data\RawData.csproj", "{C80D9F33-4758-4955-8BE2-F103D2F080CD}"
EndProject
Project("{9A19103F-16F7-4668-BE54-9A1E7A4F7556}") = "FamilyTree", "FamilyTree\FamilyTree.csproj", "{3133148D-9D55-4099-85A6-2DD738B218A7}"
EndProject
Project("{9A19103F-16F7-4668-BE54-9A1E7A4F7556}") = "PokemonTrainer", "PokemonTrainer\PokemonTrainer.csproj", "{6A9F1A19-02D9-4A4E-9C9B-A165A97F4B9B}"
EndProject
Project("{FAE04EC0-301F-11D3-BF4B-00C04F79EFBC}") = "Test", "Test\Test.csproj", "{9EE2BD27-A47D-43CA-AB8F-B3CC6AACFF67}"
EndProject
Global
	GlobalSection(SolutionConfigurationPlatforms) = preSolution
		Debug|Any CPU = Debug|Any CPU
		Debug|ARM = Debug|ARM
		Debug|x64 = Debug|x64
		Debug|x86 = Debug|x86
		Release|Any CPU = Release|Any CPU
		Release|ARM = Release|ARM
		Release|x64 = Release|x64
		Release|x86 = Release|x86
	EndGlobalSection
	GlobalSection(ProjectConfigurationPlatforms) = postSolution
		{FD43847A-EDFE-4C93-8B6D-37A202AE779E}.Debug|Any CPU.ActiveCfg = Debug|Any CPU
		{FD43847A-EDFE-4C93-8B6D-37A202AE779E}.Debug|Any CPU.Build.0 = Debug|Any CPU
		{FD43847A-EDFE-4C93-8B6D-37A202AE779E}.Debug|ARM.ActiveCfg = Debug|Any CPU
		{FD43847A-EDFE-4C93-8B6D-37A202AE779E}.Debug|ARM.Build.0 = Debug|Any CPU
		{FD43847A-EDFE-4C93-8B6D-37A202AE779E}.Debug|x64.ActiveCfg = Debug|Any CPU
		{FD43847A-EDFE-4C93-8B6D-37A202AE779E}.Debug|x64.Build.0 = Debug|Any CPU
		{FD43847A-EDFE-4C93-8B6D-37A202AE779E}.Debug|x86.ActiveCfg = Debug|Any CPU
		{FD43847A-EDFE-4C93-8B6D-37A202AE779E}.Debug|x86.Build.0 = Debug|Any CPU
		{FD43847A-EDFE-4C93-8B6D-37A202AE779E}.Release|Any CPU.ActiveCfg = Release|Any CPU
		{FD43847A-EDFE-4C93-8B6D-37A202AE779E}.Release|Any CPU.Build.0 = Release|Any CPU
		{FD43847A-EDFE-4C93-8B6D-37A202AE779E}.Release|ARM.ActiveCfg = Release|Any CPU
		{FD43847A-EDFE-4C93-8B6D-37A202AE779E}.Release|ARM.Build.0 = Release|Any CPU
		{FD43847A-EDFE-4C93-8B6D-37A202AE779E}.Release|x64.ActiveCfg = Release|Any CPU
		{FD43847A-EDFE-4C93-8B6D-37A202AE779E}.Release|x64.Build.0 = Release|Any CPU
		{FD43847A-EDFE-4C93-8B6D-37A202AE779E}.Release|x86.ActiveCfg = Release|Any CPU
		{FD43847A-EDFE-4C93-8B6D-37A202AE779E}.Release|x86.Build.0 = Release|Any CPU
		{1EE4E562-B8BC-4D76-A94F-C48FB94A5123}.Debug|Any CPU.ActiveCfg = Debug|Any CPU
		{1EE4E562-B8BC-4D76-A94F-C48FB94A5123}.Debug|Any CPU.Build.0 = Debug|Any CPU
		{1EE4E562-B8BC-4D76-A94F-C48FB94A5123}.Debug|ARM.ActiveCfg = Debug|Any CPU
		{1EE4E562-B8BC-4D76-A94F-C48FB94A5123}.Debug|ARM.Build.0 = Debug|Any CPU
		{1EE4E562-B8BC-4D76-A94F-C48FB94A5123}.Debug|x64.ActiveCfg = Debug|Any CPU
		{1EE4E562-B8BC-4D76-A94F-C48FB94A5123}.Debug|x64.Build.0 = Debug|Any CPU
		{1EE4E562-B8BC-4D76-A94F-C48FB94A5123}.Debug|x86.ActiveCfg = Debug|Any CPU
		{1EE4E562-B8BC-4D76-A94F-C48FB94A5123}.Debug|x86.Build.0 = Debug|Any CPU
		{1EE4E562-B8BC-4D76-A94F-C48FB94A5123}.Release|Any CPU.ActiveCfg = Release|Any CPU
		{1EE4E562-B8BC-4D76-A94F-C48FB94A5123}.Release|Any CPU.Build.0 = Release|Any CPU
		{1EE4E562-B8BC-4D76-A94F-C48FB94A5123}.Release|ARM.ActiveCfg = Release|Any CPU
		{1EE4E562-B8BC-4D76-A94F-C48FB94A5123}.Release|ARM.Build.0 = Release|Any CPU
		{1EE4E562-B8BC-4D76-A94F-C48FB94A5123}.Release|x64.ActiveCfg = Release|Any CPU
		{1EE4E562-B8BC-4D76-A94F-C48FB94A5123}.Release|x64.Build.0 = Release|Any CPU
		{1EE4E562-B8BC-4D76-A94F-C48FB94A5123}.Release|x86.ActiveCfg = Release|Any CPU
		{1EE4E562-B8BC-4D76-A94F-C48FB94A5123}.Release|x86.Build.0 = Release|Any CPU
		{5E038C72-FEB9-406B-921D-2439F435E2D9}.Debug|Any CPU.ActiveCfg = Debug|Any CPU
		{5E038C72-FEB9-406B-921D-2439F435E2D9}.Debug|Any CPU.Build.0 = Debug|Any CPU
		{5E038C72-FEB9-406B-921D-2439F435E2D9}.Debug|ARM.ActiveCfg = Debug|Any CPU
		{5E038C72-FEB9-406B-921D-2439F435E2D9}.Debug|ARM.Build.0 = Debug|Any CPU
		{5E038C72-FEB9-406B-921D-2439F435E2D9}.Debug|x64.ActiveCfg = Debug|Any CPU
		{5E038C72-FEB9-406B-921D-2439F435E2D9}.Debug|x64.Build.0 = Debug|Any CPU
		{5E038C72-FEB9-406B-921D-2439F435E2D9}.Debug|x86.ActiveCfg = Debug|Any CPU
		{5E038C72-FEB9-406B-921D-2439F435E2D9}.Debug|x86.Build.0 = Debug|Any CPU
		{5E038C72-FEB9-406B-921D-2439F435E2D9}.Release|Any CPU.ActiveCfg = Release|Any CPU
		{5E038C72-FEB9-406B-921D-2439F435E2D9}.Release|Any CPU.Build.0 = Release|Any CPU
		{5E038C72-FEB9-406B-921D-2439F435E2D9}.Release|ARM.ActiveCfg = Release|Any CPU
		{5E038C72-FEB9-406B-921D-2439F435E2D9}.Release|ARM.Build.0 = Release|Any CPU
		{5E038C72-FEB9-406B-921D-2439F435E2D9}.Release|x64.ActiveCfg = Release|Any CPU
		{5E038C72-FEB9-406B-921D-2439F435E2D9}.Release|x64.Build.0 = Release|Any CPU
		{5E038C72-FEB9-406B-921D-2439F435E2D9}.Release|x86.ActiveCfg = Release|Any CPU
		{5E038C72-FEB9-406B-921D-2439F435E2D9}.Release|x86.Build.0 = Release|Any CPU
		{B3E0CE95-AD94-452C-BF13-1895F515D43D}.Debug|Any CPU.ActiveCfg = Debug|Any CPU
		{B3E0CE95-AD94-452C-BF13-1895F515D43D}.Debug|Any CPU.Build.0 = Debug|Any CPU
		{B3E0CE95-AD94-452C-BF13-1895F515D43D}.Debug|ARM.ActiveCfg = Debug|Any CPU
		{B3E0CE95-AD94-452C-BF13-1895F515D43D}.Debug|ARM.Build.0 = Debug|Any CPU
		{B3E0CE95-AD94-452C-BF13-1895F515D43D}.Debug|x64.ActiveCfg = Debug|Any CPU
		{B3E0CE95-AD94-452C-BF13-1895F515D43D}.Debug|x64.Build.0 = Debug|Any CPU
		{B3E0CE95-AD94-452C-BF13-1895F515D43D}.Debug|x86.ActiveCfg = Debug|Any CPU
		{B3E0CE95-AD94-452C-BF13-1895F515D43D}.Debug|x86.Build.0 = Debug|Any CPU
		{B3E0CE95-AD94-452C-BF13-1895F515D43D}.Release|Any CPU.ActiveCfg = Release|Any CPU
		{B3E0CE95-AD94-452C-BF13-1895F515D43D}.Release|Any CPU.Build.0 = Release|Any CPU
		{B3E0CE95-AD94-452C-BF13-1895F515D43D}.Release|ARM.ActiveCfg = Release|Any CPU
		{B3E0CE95-AD94-452C-BF13-1895F515D43D}.Release|ARM.Build.0 = Release|Any CPU
		{B3E0CE95-AD94-452C-BF13-1895F515D43D}.Release|x64.ActiveCfg = Release|Any CPU
		{B3E0CE95-AD94-452C-BF13-1895F515D43D}.Release|x64.Build.0 = Release|Any CPU
		{B3E0CE95-AD94-452C-BF13-1895F515D43D}.Release|x86.ActiveCfg = Release|Any CPU
		{B3E0CE95-AD94-452C-BF13-1895F515D43D}.Release|x86.Build.0 = Release|Any CPU
		{3AD82732-55E4-4F40-900C-8484F9625565}.Debug|Any CPU.ActiveCfg = Debug|Any CPU
		{3AD82732-55E4-4F40-900C-8484F9625565}.Debug|Any CPU.Build.0 = Debug|Any CPU
		{3AD82732-55E4-4F40-900C-8484F9625565}.Debug|ARM.ActiveCfg = Debug|Any CPU
		{3AD82732-55E4-4F40-900C-8484F9625565}.Debug|ARM.Build.0 = Debug|Any CPU
		{3AD82732-55E4-4F40-900C-8484F9625565}.Debug|x64.ActiveCfg = Debug|Any CPU
		{3AD82732-55E4-4F40-900C-8484F9625565}.Debug|x64.Build.0 = Debug|Any CPU
		{3AD82732-55E4-4F40-900C-8484F9625565}.Debug|x86.ActiveCfg = Debug|Any CPU
		{3AD82732-55E4-4F40-900C-8484F9625565}.Debug|x86.Build.0 = Debug|Any CPU
		{3AD82732-55E4-4F40-900C-8484F9625565}.Release|Any CPU.ActiveCfg = Release|Any CPU
		{3AD82732-55E4-4F40-900C-8484F9625565}.Release|Any CPU.Build.0 = Release|Any CPU
		{3AD82732-55E4-4F40-900C-8484F9625565}.Release|ARM.ActiveCfg = Release|Any CPU
		{3AD82732-55E4-4F40-900C-8484F9625565}.Release|ARM.Build.0 = Release|Any CPU
		{3AD82732-55E4-4F40-900C-8484F9625565}.Release|x64.ActiveCfg = Release|Any CPU
		{3AD82732-55E4-4F40-900C-8484F9625565}.Release|x64.Build.0 = Release|Any CPU
		{3AD82732-55E4-4F40-900C-8484F9625565}.Release|x86.ActiveCfg = Release|Any CPU
		{3AD82732-55E4-4F40-900C-8484F9625565}.Release|x86.Build.0 = Release|Any CPU
		{C80D9F33-4758-4955-8BE2-F103D2F080CD}.Debug|Any CPU.ActiveCfg = Debug|Any CPU
		{C80D9F33-4758-4955-8BE2-F103D2F080CD}.Debug|Any CPU.Build.0 = Debug|Any CPU
		{C80D9F33-4758-4955-8BE2-F103D2F080CD}.Debug|ARM.ActiveCfg = Debug|Any CPU
		{C80D9F33-4758-4955-8BE2-F103D2F080CD}.Debug|ARM.Build.0 = Debug|Any CPU
		{C80D9F33-4758-4955-8BE2-F103D2F080CD}.Debug|x64.ActiveCfg = Debug|Any CPU
		{C80D9F33-4758-4955-8BE2-F103D2F080CD}.Debug|x64.Build.0 = Debug|Any CPU
		{C80D9F33-4758-4955-8BE2-F103D2F080CD}.Debug|x86.ActiveCfg = Debug|Any CPU
		{C80D9F33-4758-4955-8BE2-F103D2F080CD}.Debug|x86.Build.0 = Debug|Any CPU
		{C80D9F33-4758-4955-8BE2-F103D2F080CD}.Release|Any CPU.ActiveCfg = Release|Any CPU
		{C80D9F33-4758-4955-8BE2-F103D2F080CD}.Release|Any CPU.Build.0 = Release|Any CPU
		{C80D9F33-4758-4955-8BE2-F103D2F080CD}.Release|ARM.ActiveCfg = Release|Any CPU
		{C80D9F33-4758-4955-8BE2-F103D2F080CD}.Release|ARM.Build.0 = Release|Any CPU
		{C80D9F33-4758-4955-8BE2-F103D2F080CD}.Release|x64.ActiveCfg = Release|Any CPU
		{C80D9F33-4758-4955-8BE2-F103D2F080CD}.Release|x64.Build.0 = Release|Any CPU
		{C80D9F33-4758-4955-8BE2-F103D2F080CD}.Release|x86.ActiveCfg = Release|Any CPU
		{C80D9F33-4758-4955-8BE2-F103D2F080CD}.Release|x86.Build.0 = Release|Any CPU
		{3133148D-9D55-4099-85A6-2DD738B218A7}.Debug|Any CPU.ActiveCfg = Debug|Any CPU
		{3133148D-9D55-4099-85A6-2DD738B218A7}.Debug|Any CPU.Build.0 = Debug|Any CPU
		{3133148D-9D55-4099-85A6-2DD738B218A7}.Debug|ARM.ActiveCfg = Debug|Any CPU
		{3133148D-9D55-4099-85A6-2DD738B218A7}.Debug|ARM.Build.0 = Debug|Any CPU
		{3133148D-9D55-4099-85A6-2DD738B218A7}.Debug|x64.ActiveCfg = Debug|Any CPU
		{3133148D-9D55-4099-85A6-2DD738B218A7}.Debug|x64.Build.0 = Debug|Any CPU
		{3133148D-9D55-4099-85A6-2DD738B218A7}.Debug|x86.ActiveCfg = Debug|Any CPU
		{3133148D-9D55-4099-85A6-2DD738B218A7}.Debug|x86.Build.0 = Debug|Any CPU
		{3133148D-9D55-4099-85A6-2DD738B218A7}.Release|Any CPU.ActiveCfg = Release|Any CPU
		{3133148D-9D55-4099-85A6-2DD738B218A7}.Release|Any CPU.Build.0 = Release|Any CPU
		{3133148D-9D55-4099-85A6-2DD738B218A7}.Release|ARM.ActiveCfg = Release|Any CPU
		{3133148D-9D55-4099-85A6-2DD738B218A7}.Release|ARM.Build.0 = Release|Any CPU
		{3133148D-9D55-4099-85A6-2DD738B218A7}.Release|x64.ActiveCfg = Release|Any CPU
		{3133148D-9D55-4099-85A6-2DD738B218A7}.Release|x64.Build.0 = Release|Any CPU
		{3133148D-9D55-4099-85A6-2DD738B218A7}.Release|x86.ActiveCfg = Release|Any CPU
		{3133148D-9D55-4099-85A6-2DD738B218A7}.Release|x86.Build.0 = Release|Any CPU
		{6A9F1A19-02D9-4A4E-9C9B-A165A97F4B9B}.Debug|Any CPU.ActiveCfg = Debug|Any CPU
		{6A9F1A19-02D9-4A4E-9C9B-A165A97F4B9B}.Debug|Any CPU.Build.0 = Debug|Any CPU
		{6A9F1A19-02D9-4A4E-9C9B-A165A97F4B9B}.Debug|ARM.ActiveCfg = Debug|Any CPU
		{6A9F1A19-02D9-4A4E-9C9B-A165A97F4B9B}.Debug|ARM.Build.0 = Debug|Any CPU
		{6A9F1A19-02D9-4A4E-9C9B-A165A97F4B9B}.Debug|x64.ActiveCfg = Debug|Any CPU
		{6A9F1A19-02D9-4A4E-9C9B-A165A97F4B9B}.Debug|x64.Build.0 = Debug|Any CPU
		{6A9F1A19-02D9-4A4E-9C9B-A165A97F4B9B}.Debug|x86.ActiveCfg = Debug|Any CPU
		{6A9F1A19-02D9-4A4E-9C9B-A165A97F4B9B}.Debug|x86.Build.0 = Debug|Any CPU
		{6A9F1A19-02D9-4A4E-9C9B-A165A97F4B9B}.Release|Any CPU.ActiveCfg = Release|Any CPU
		{6A9F1A19-02D9-4A4E-9C9B-A165A97F4B9B}.Release|Any CPU.Build.0 = Release|Any CPU
		{6A9F1A19-02D9-4A4E-9C9B-A165A97F4B9B}.Release|ARM.ActiveCfg = Release|Any CPU
		{6A9F1A19-02D9-4A4E-9C9B-A165A97F4B9B}.Release|ARM.Build.0 = Release|Any CPU
		{6A9F1A19-02D9-4A4E-9C9B-A165A97F4B9B}.Release|x64.ActiveCfg = Release|Any CPU
		{6A9F1A19-02D9-4A4E-9C9B-A165A97F4B9B}.Release|x64.Build.0 = Release|Any CPU
		{6A9F1A19-02D9-4A4E-9C9B-A165A97F4B9B}.Release|x86.ActiveCfg = Release|Any CPU
		{6A9F1A19-02D9-4A4E-9C9B-A165A97F4B9B}.Release|x86.Build.0 = Release|Any CPU
		{9EE2BD27-A47D-43CA-AB8F-B3CC6AACFF67}.Debug|Any CPU.ActiveCfg = Debug|Any CPU
		{9EE2BD27-A47D-43CA-AB8F-B3CC6AACFF67}.Debug|Any CPU.Build.0 = Debug|Any CPU
		{9EE2BD27-A47D-43CA-AB8F-B3CC6AACFF67}.Debug|ARM.ActiveCfg = Debug|Any CPU
		{9EE2BD27-A47D-43CA-AB8F-B3CC6AACFF67}.Debug|ARM.Build.0 = Debug|Any CPU
		{9EE2BD27-A47D-43CA-AB8F-B3CC6AACFF67}.Debug|x64.ActiveCfg = Debug|Any CPU
		{9EE2BD27-A47D-43CA-AB8F-B3CC6AACFF67}.Debug|x64.Build.0 = Debug|Any CPU
		{9EE2BD27-A47D-43CA-AB8F-B3CC6AACFF67}.Debug|x86.ActiveCfg = Debug|Any CPU
		{9EE2BD27-A47D-43CA-AB8F-B3CC6AACFF67}.Debug|x86.Build.0 = Debug|Any CPU
		{9EE2BD27-A47D-43CA-AB8F-B3CC6AACFF67}.Release|Any CPU.ActiveCfg = Release|Any CPU
		{9EE2BD27-A47D-43CA-AB8F-B3CC6AACFF67}.Release|Any CPU.Build.0 = Release|Any CPU
		{9EE2BD27-A47D-43CA-AB8F-B3CC6AACFF67}.Release|ARM.ActiveCfg = Release|Any CPU
		{9EE2BD27-A47D-43CA-AB8F-B3CC6AACFF67}.Release|ARM.Build.0 = Release|Any CPU
		{9EE2BD27-A47D-43CA-AB8F-B3CC6AACFF67}.Release|x64.ActiveCfg = Release|Any CPU
		{9EE2BD27-A47D-43CA-AB8F-B3CC6AACFF67}.Release|x64.Build.0 = Release|Any CPU
		{9EE2BD27-A47D-43CA-AB8F-B3CC6AACFF67}.Release|x86.ActiveCfg = Release|Any CPU
		{9EE2BD27-A47D-43CA-AB8F-B3CC6AACFF67}.Release|x86.Build.0 = Release|Any CPU
	EndGlobalSection
	GlobalSection(SolutionProperties) = preSolution
		HideSolutionNode = FALSE
	EndGlobalSection
	GlobalSection(ExtensibilityGlobals) = postSolution
		SolutionGuid = {CB57DBBB-721E-45A2-B1C6-4B788D53995C}
	EndGlobalSection
EndGlobal
