
Microsoft Visual Studio Solution File, Format Version 12.00
# Visual Studio 15
VisualStudioVersion = 15.0.27004.2008
MinimumVisualStudioVersion = 10.0.40219.1
Project("{9A19103F-16F7-4668-BE54-9A1E7A4F7556}") = "MemoryView", "Programming Fundamentals Retake\MemoryView.csproj", "{2770AFE6-9380-4A44-855C-386BDE53EC73}"
	ProjectSection(ProjectDependencies) = postProject
		{50AE53EB-B02E-46BB-912D-BB9981B00477} = {50AE53EB-B02E-46BB-912D-BB9981B00477}
	EndProjectSection
EndProject
Project("{9A19103F-16F7-4668-BE54-9A1E7A4F7556}") = "Rage Expense", "Rage Expense\Rage Expense.csproj", "{50AE53EB-B02E-46BB-912D-BB9981B00477}"
EndProject
Project("{9A19103F-16F7-4668-BE54-9A1E7A4F7556}") = "Tseam Account", "Tseam Account\Tseam Account.csproj", "{2D53A00A-266D-482B-BF9C-7D3BA5328DCF}"
EndProject
Project("{9A19103F-16F7-4668-BE54-9A1E7A4F7556}") = "MOBA Challenger", "MOBA Challenger\MOBA Challenger.csproj", "{CD2A0354-1500-4E83-97BA-9BDFFD35DD64}"
EndProject
Project("{9A19103F-16F7-4668-BE54-9A1E7A4F7556}") = "AnonimusDownsite", "AnonimusDownsite\AnonimusDownsite.csproj", "{26089234-ACA1-4514-BC24-79A03F87C018}"
EndProject
Project("{9A19103F-16F7-4668-BE54-9A1E7A4F7556}") = "Anonymous Threat", "Anonymous Threat\Anonymous Threat.csproj", "{975C9207-78C9-44E6-8C50-CA49C2BE2AC7}"
EndProject
Project("{9A19103F-16F7-4668-BE54-9A1E7A4F7556}") = "AnonimusCache", "AnonimusVox\AnonimusCache.csproj", "{D35F930D-3C87-4380-9D48-832227A94E92}"
EndProject
Project("{9A19103F-16F7-4668-BE54-9A1E7A4F7556}") = "Poke mon", "Pokemon Don't Go\Poke mon.csproj", "{B46F7409-9D23-408B-AABA-37AE9BC4061C}"
EndProject
Project("{9A19103F-16F7-4668-BE54-9A1E7A4F7556}") = "Pokemon Dont Go", "Pokemon Dont Go\Pokemon Dont Go.csproj", "{CEA1A08F-478E-4C78-8CAB-7FA78C420652}"
EndProject
Project("{9A19103F-16F7-4668-BE54-9A1E7A4F7556}") = "AnnimusVox", "AnnimusVox\AnnimusVox.csproj", "{9E646C80-1190-4A37-8FE1-893325E0BEA2}"
EndProject
Project("{9A19103F-16F7-4668-BE54-9A1E7A4F7556}") = "RegexMon", "RegexMon\RegexMon.csproj", "{DDF4A6D1-613A-4080-92B2-4276140171DE}"
EndProject
Project("{9A19103F-16F7-4668-BE54-9A1E7A4F7556}") = "Hornet Wings", "Hornet Wings\Hornet Wings.csproj", "{F9739B99-E1CF-4BC4-A872-88595CB14C4C}"
EndProject
Project("{9A19103F-16F7-4668-BE54-9A1E7A4F7556}") = "hornet", "hornet\hornet.csproj", "{933DDCCD-BE8B-4B49-BA30-26D3B52B1969}"
EndProject
Project("{9A19103F-16F7-4668-BE54-9A1E7A4F7556}") = "Hornet Assault", "Hornet Assault\Hornet Assault.csproj", "{1456BD29-68F6-4BCB-9598-78AB13DE6FC0}"
EndProject
Project("{9A19103F-16F7-4668-BE54-9A1E7A4F7556}") = "Hornet Armada", "Hornet Armada\Hornet Armada.csproj", "{EF19E391-4C2A-4D6B-8426-FF81938E05D0}"
EndProject
Project("{9A19103F-16F7-4668-BE54-9A1E7A4F7556}") = "Snowballs", "Snowballs\Snowballs.csproj", "{5DDEE76E-F574-4871-9BD4-74D42AAFA91B}"
EndProject
Project("{9A19103F-16F7-4668-BE54-9A1E7A4F7556}") = "Snowmen", "Snowmen\Snowmen.csproj", "{55B8F28B-89BD-4A6E-9CB3-0DB12C5859A9}"
EndProject
Project("{9A19103F-16F7-4668-BE54-9A1E7A4F7556}") = "Snowflake", "Snowflake\Snowflake.csproj", "{F3AE7140-DD68-4358-92D7-CB8995F79259}"
EndProject
Project("{9A19103F-16F7-4668-BE54-9A1E7A4F7556}") = "Snowwithe", "Snowwithe\Snowwithe.csproj", "{D8B18D4D-C781-4F25-8608-27EA534E1C9C}"
EndProject
Project("{FAE04EC0-301F-11D3-BF4B-00C04F79EFBC}") = "Charity Marathon", "Charity Marathon\Charity Marathon.csproj", "{60DCF6DB-74C4-4FA1-9CE3-66DFEEB89A41}"
EndProject
Project("{FAE04EC0-301F-11D3-BF4B-00C04F79EFBC}") = "Ladybugs", "Ladybugs\Ladybugs.csproj", "{6C743ECE-3F16-4540-A88C-4EA4E9AA8452}"
EndProject
Project("{FAE04EC0-301F-11D3-BF4B-00C04F79EFBC}") = "Roli The Coder", "Roli The Coder\Roli The Coder.csproj", "{07D3505B-159A-4BD7-BCD8-F7FE29C9C19E}"
EndProject
Global
	GlobalSection(SolutionConfigurationPlatforms) = preSolution
		Debug|Any CPU = Debug|Any CPU
		Release|Any CPU = Release|Any CPU
	EndGlobalSection
	GlobalSection(ProjectConfigurationPlatforms) = postSolution
		{2770AFE6-9380-4A44-855C-386BDE53EC73}.Debug|Any CPU.ActiveCfg = Debug|Any CPU
		{2770AFE6-9380-4A44-855C-386BDE53EC73}.Debug|Any CPU.Build.0 = Debug|Any CPU
		{2770AFE6-9380-4A44-855C-386BDE53EC73}.Release|Any CPU.ActiveCfg = Release|Any CPU
		{2770AFE6-9380-4A44-855C-386BDE53EC73}.Release|Any CPU.Build.0 = Release|Any CPU
		{50AE53EB-B02E-46BB-912D-BB9981B00477}.Debug|Any CPU.ActiveCfg = Debug|Any CPU
		{50AE53EB-B02E-46BB-912D-BB9981B00477}.Debug|Any CPU.Build.0 = Debug|Any CPU
		{50AE53EB-B02E-46BB-912D-BB9981B00477}.Release|Any CPU.ActiveCfg = Release|Any CPU
		{50AE53EB-B02E-46BB-912D-BB9981B00477}.Release|Any CPU.Build.0 = Release|Any CPU
		{2D53A00A-266D-482B-BF9C-7D3BA5328DCF}.Debug|Any CPU.ActiveCfg = Debug|Any CPU
		{2D53A00A-266D-482B-BF9C-7D3BA5328DCF}.Debug|Any CPU.Build.0 = Debug|Any CPU
		{2D53A00A-266D-482B-BF9C-7D3BA5328DCF}.Release|Any CPU.ActiveCfg = Release|Any CPU
		{2D53A00A-266D-482B-BF9C-7D3BA5328DCF}.Release|Any CPU.Build.0 = Release|Any CPU
		{CD2A0354-1500-4E83-97BA-9BDFFD35DD64}.Debug|Any CPU.ActiveCfg = Debug|Any CPU
		{CD2A0354-1500-4E83-97BA-9BDFFD35DD64}.Debug|Any CPU.Build.0 = Debug|Any CPU
		{CD2A0354-1500-4E83-97BA-9BDFFD35DD64}.Release|Any CPU.ActiveCfg = Release|Any CPU
		{CD2A0354-1500-4E83-97BA-9BDFFD35DD64}.Release|Any CPU.Build.0 = Release|Any CPU
		{26089234-ACA1-4514-BC24-79A03F87C018}.Debug|Any CPU.ActiveCfg = Debug|Any CPU
		{26089234-ACA1-4514-BC24-79A03F87C018}.Debug|Any CPU.Build.0 = Debug|Any CPU
		{26089234-ACA1-4514-BC24-79A03F87C018}.Release|Any CPU.ActiveCfg = Release|Any CPU
		{26089234-ACA1-4514-BC24-79A03F87C018}.Release|Any CPU.Build.0 = Release|Any CPU
		{975C9207-78C9-44E6-8C50-CA49C2BE2AC7}.Debug|Any CPU.ActiveCfg = Debug|Any CPU
		{975C9207-78C9-44E6-8C50-CA49C2BE2AC7}.Debug|Any CPU.Build.0 = Debug|Any CPU
		{975C9207-78C9-44E6-8C50-CA49C2BE2AC7}.Release|Any CPU.ActiveCfg = Release|Any CPU
		{975C9207-78C9-44E6-8C50-CA49C2BE2AC7}.Release|Any CPU.Build.0 = Release|Any CPU
		{D35F930D-3C87-4380-9D48-832227A94E92}.Debug|Any CPU.ActiveCfg = Debug|Any CPU
		{D35F930D-3C87-4380-9D48-832227A94E92}.Debug|Any CPU.Build.0 = Debug|Any CPU
		{D35F930D-3C87-4380-9D48-832227A94E92}.Release|Any CPU.ActiveCfg = Release|Any CPU
		{D35F930D-3C87-4380-9D48-832227A94E92}.Release|Any CPU.Build.0 = Release|Any CPU
		{B46F7409-9D23-408B-AABA-37AE9BC4061C}.Debug|Any CPU.ActiveCfg = Debug|Any CPU
		{B46F7409-9D23-408B-AABA-37AE9BC4061C}.Debug|Any CPU.Build.0 = Debug|Any CPU
		{B46F7409-9D23-408B-AABA-37AE9BC4061C}.Release|Any CPU.ActiveCfg = Release|Any CPU
		{B46F7409-9D23-408B-AABA-37AE9BC4061C}.Release|Any CPU.Build.0 = Release|Any CPU
		{CEA1A08F-478E-4C78-8CAB-7FA78C420652}.Debug|Any CPU.ActiveCfg = Debug|Any CPU
		{CEA1A08F-478E-4C78-8CAB-7FA78C420652}.Debug|Any CPU.Build.0 = Debug|Any CPU
		{CEA1A08F-478E-4C78-8CAB-7FA78C420652}.Release|Any CPU.ActiveCfg = Release|Any CPU
		{CEA1A08F-478E-4C78-8CAB-7FA78C420652}.Release|Any CPU.Build.0 = Release|Any CPU
		{9E646C80-1190-4A37-8FE1-893325E0BEA2}.Debug|Any CPU.ActiveCfg = Debug|Any CPU
		{9E646C80-1190-4A37-8FE1-893325E0BEA2}.Debug|Any CPU.Build.0 = Debug|Any CPU
		{9E646C80-1190-4A37-8FE1-893325E0BEA2}.Release|Any CPU.ActiveCfg = Release|Any CPU
		{9E646C80-1190-4A37-8FE1-893325E0BEA2}.Release|Any CPU.Build.0 = Release|Any CPU
		{DDF4A6D1-613A-4080-92B2-4276140171DE}.Debug|Any CPU.ActiveCfg = Debug|Any CPU
		{DDF4A6D1-613A-4080-92B2-4276140171DE}.Debug|Any CPU.Build.0 = Debug|Any CPU
		{DDF4A6D1-613A-4080-92B2-4276140171DE}.Release|Any CPU.ActiveCfg = Release|Any CPU
		{DDF4A6D1-613A-4080-92B2-4276140171DE}.Release|Any CPU.Build.0 = Release|Any CPU
		{F9739B99-E1CF-4BC4-A872-88595CB14C4C}.Debug|Any CPU.ActiveCfg = Debug|Any CPU
		{F9739B99-E1CF-4BC4-A872-88595CB14C4C}.Debug|Any CPU.Build.0 = Debug|Any CPU
		{F9739B99-E1CF-4BC4-A872-88595CB14C4C}.Release|Any CPU.ActiveCfg = Release|Any CPU
		{F9739B99-E1CF-4BC4-A872-88595CB14C4C}.Release|Any CPU.Build.0 = Release|Any CPU
		{933DDCCD-BE8B-4B49-BA30-26D3B52B1969}.Debug|Any CPU.ActiveCfg = Debug|Any CPU
		{933DDCCD-BE8B-4B49-BA30-26D3B52B1969}.Debug|Any CPU.Build.0 = Debug|Any CPU
		{933DDCCD-BE8B-4B49-BA30-26D3B52B1969}.Release|Any CPU.ActiveCfg = Release|Any CPU
		{933DDCCD-BE8B-4B49-BA30-26D3B52B1969}.Release|Any CPU.Build.0 = Release|Any CPU
		{1456BD29-68F6-4BCB-9598-78AB13DE6FC0}.Debug|Any CPU.ActiveCfg = Debug|Any CPU
		{1456BD29-68F6-4BCB-9598-78AB13DE6FC0}.Debug|Any CPU.Build.0 = Debug|Any CPU
		{1456BD29-68F6-4BCB-9598-78AB13DE6FC0}.Release|Any CPU.ActiveCfg = Release|Any CPU
		{1456BD29-68F6-4BCB-9598-78AB13DE6FC0}.Release|Any CPU.Build.0 = Release|Any CPU
		{EF19E391-4C2A-4D6B-8426-FF81938E05D0}.Debug|Any CPU.ActiveCfg = Debug|Any CPU
		{EF19E391-4C2A-4D6B-8426-FF81938E05D0}.Debug|Any CPU.Build.0 = Debug|Any CPU
		{EF19E391-4C2A-4D6B-8426-FF81938E05D0}.Release|Any CPU.ActiveCfg = Release|Any CPU
		{EF19E391-4C2A-4D6B-8426-FF81938E05D0}.Release|Any CPU.Build.0 = Release|Any CPU
		{5DDEE76E-F574-4871-9BD4-74D42AAFA91B}.Debug|Any CPU.ActiveCfg = Debug|Any CPU
		{5DDEE76E-F574-4871-9BD4-74D42AAFA91B}.Debug|Any CPU.Build.0 = Debug|Any CPU
		{5DDEE76E-F574-4871-9BD4-74D42AAFA91B}.Release|Any CPU.ActiveCfg = Release|Any CPU
		{5DDEE76E-F574-4871-9BD4-74D42AAFA91B}.Release|Any CPU.Build.0 = Release|Any CPU
		{55B8F28B-89BD-4A6E-9CB3-0DB12C5859A9}.Debug|Any CPU.ActiveCfg = Debug|Any CPU
		{55B8F28B-89BD-4A6E-9CB3-0DB12C5859A9}.Debug|Any CPU.Build.0 = Debug|Any CPU
		{55B8F28B-89BD-4A6E-9CB3-0DB12C5859A9}.Release|Any CPU.ActiveCfg = Release|Any CPU
		{55B8F28B-89BD-4A6E-9CB3-0DB12C5859A9}.Release|Any CPU.Build.0 = Release|Any CPU
		{F3AE7140-DD68-4358-92D7-CB8995F79259}.Debug|Any CPU.ActiveCfg = Debug|Any CPU
		{F3AE7140-DD68-4358-92D7-CB8995F79259}.Debug|Any CPU.Build.0 = Debug|Any CPU
		{F3AE7140-DD68-4358-92D7-CB8995F79259}.Release|Any CPU.ActiveCfg = Release|Any CPU
		{F3AE7140-DD68-4358-92D7-CB8995F79259}.Release|Any CPU.Build.0 = Release|Any CPU
		{D8B18D4D-C781-4F25-8608-27EA534E1C9C}.Debug|Any CPU.ActiveCfg = Debug|Any CPU
		{D8B18D4D-C781-4F25-8608-27EA534E1C9C}.Debug|Any CPU.Build.0 = Debug|Any CPU
		{D8B18D4D-C781-4F25-8608-27EA534E1C9C}.Release|Any CPU.ActiveCfg = Release|Any CPU
		{D8B18D4D-C781-4F25-8608-27EA534E1C9C}.Release|Any CPU.Build.0 = Release|Any CPU
		{60DCF6DB-74C4-4FA1-9CE3-66DFEEB89A41}.Debug|Any CPU.ActiveCfg = Debug|Any CPU
		{60DCF6DB-74C4-4FA1-9CE3-66DFEEB89A41}.Debug|Any CPU.Build.0 = Debug|Any CPU
		{60DCF6DB-74C4-4FA1-9CE3-66DFEEB89A41}.Release|Any CPU.ActiveCfg = Release|Any CPU
		{60DCF6DB-74C4-4FA1-9CE3-66DFEEB89A41}.Release|Any CPU.Build.0 = Release|Any CPU
		{6C743ECE-3F16-4540-A88C-4EA4E9AA8452}.Debug|Any CPU.ActiveCfg = Debug|Any CPU
		{6C743ECE-3F16-4540-A88C-4EA4E9AA8452}.Debug|Any CPU.Build.0 = Debug|Any CPU
		{6C743ECE-3F16-4540-A88C-4EA4E9AA8452}.Release|Any CPU.ActiveCfg = Release|Any CPU
		{6C743ECE-3F16-4540-A88C-4EA4E9AA8452}.Release|Any CPU.Build.0 = Release|Any CPU
		{07D3505B-159A-4BD7-BCD8-F7FE29C9C19E}.Debug|Any CPU.ActiveCfg = Debug|Any CPU
		{07D3505B-159A-4BD7-BCD8-F7FE29C9C19E}.Debug|Any CPU.Build.0 = Debug|Any CPU
		{07D3505B-159A-4BD7-BCD8-F7FE29C9C19E}.Release|Any CPU.ActiveCfg = Release|Any CPU
		{07D3505B-159A-4BD7-BCD8-F7FE29C9C19E}.Release|Any CPU.Build.0 = Release|Any CPU
	EndGlobalSection
	GlobalSection(SolutionProperties) = preSolution
		HideSolutionNode = FALSE
	EndGlobalSection
	GlobalSection(ExtensibilityGlobals) = postSolution
		SolutionGuid = {9E2DFC87-A30F-42F5-B4F8-B8ABBF8E9FEA}
	EndGlobalSection
EndGlobal
