
Microsoft Visual Studio Solution File, Format Version 12.00
# Visual Studio 15
VisualStudioVersion = 15.0.28010.2016
MinimumVisualStudioVersion = 10.0.40219.1
Project("{FAE04EC0-301F-11D3-BF4B-00C04F79EFBC}") = "Key Revolver", "ExamPrep 11FEB\Key Revolver.csproj", "{7CE36DA4-23E1-4C93-844A-2D60C1B3CC54}"
EndProject
Project("{FAE04EC0-301F-11D3-BF4B-00C04F79EFBC}") = "Sneaking", "Sneaking\Sneaking.csproj", "{668B26F9-3F33-4C64-B3EC-DAB644ABEDF4}"
EndProject
Global
	GlobalSection(SolutionConfigurationPlatforms) = preSolution
		Debug|Any CPU = Debug|Any CPU
		Release|Any CPU = Release|Any CPU
	EndGlobalSection
	GlobalSection(ProjectConfigurationPlatforms) = postSolution
		{7CE36DA4-23E1-4C93-844A-2D60C1B3CC54}.Debug|Any CPU.ActiveCfg = Debug|Any CPU
		{7CE36DA4-23E1-4C93-844A-2D60C1B3CC54}.Debug|Any CPU.Build.0 = Debug|Any CPU
		{7CE36DA4-23E1-4C93-844A-2D60C1B3CC54}.Release|Any CPU.ActiveCfg = Release|Any CPU
		{7CE36DA4-23E1-4C93-844A-2D60C1B3CC54}.Release|Any CPU.Build.0 = Release|Any CPU
		{668B26F9-3F33-4C64-B3EC-DAB644ABEDF4}.Debug|Any CPU.ActiveCfg = Debug|Any CPU
		{668B26F9-3F33-4C64-B3EC-DAB644ABEDF4}.Debug|Any CPU.Build.0 = Debug|Any CPU
		{668B26F9-3F33-4C64-B3EC-DAB644ABEDF4}.Release|Any CPU.ActiveCfg = Release|Any CPU
		{668B26F9-3F33-4C64-B3EC-DAB644ABEDF4}.Release|Any CPU.Build.0 = Release|Any CPU
	EndGlobalSection
	GlobalSection(SolutionProperties) = preSolution
		HideSolutionNode = FALSE
	EndGlobalSection
	GlobalSection(ExtensibilityGlobals) = postSolution
		SolutionGuid = {9F824F3C-9A75-44DC-8D7C-620D2A1FF6B9}
	EndGlobalSection
EndGlobal
