
Microsoft Visual Studio Solution File, Format Version 12.00
# Visual Studio 15
VisualStudioVersion = 15.0.28010.2016
MinimumVisualStudioVersion = 10.0.40219.1
Project("{FAE04EC0-301F-11D3-BF4B-00C04F79EFBC}") = "Miner", "Exam\Miner.csproj", "{DF9C88B7-4CAC-4B5F-B814-1DB9D08AF4E3}"
EndProject
Project("{FAE04EC0-301F-11D3-BF4B-00C04F79EFBC}") = "Cups and Bottles", "Cups and Bottles\Cups and Bottles.csproj", "{09BAC518-1A66-42FD-A5BF-7F01367BF9A8}"
EndProject
Project("{FAE04EC0-301F-11D3-BF4B-00C04F79EFBC}") = "Data Transfer", "Data Transfer\Data Transfer.csproj", "{6310861E-DEC2-41EE-9C55-C7703E872CF9}"
EndProject
Project("{FAE04EC0-301F-11D3-BF4B-00C04F79EFBC}") = "Tagram", "Tagram\Tagram.csproj", "{3BEE0CB0-56FE-4218-8D7D-804D4D1021C2}"
EndProject
Global
	GlobalSection(SolutionConfigurationPlatforms) = preSolution
		Debug|Any CPU = Debug|Any CPU
		Release|Any CPU = Release|Any CPU
	EndGlobalSection
	GlobalSection(ProjectConfigurationPlatforms) = postSolution
		{DF9C88B7-4CAC-4B5F-B814-1DB9D08AF4E3}.Debug|Any CPU.ActiveCfg = Debug|Any CPU
		{DF9C88B7-4CAC-4B5F-B814-1DB9D08AF4E3}.Debug|Any CPU.Build.0 = Debug|Any CPU
		{DF9C88B7-4CAC-4B5F-B814-1DB9D08AF4E3}.Release|Any CPU.ActiveCfg = Release|Any CPU
		{DF9C88B7-4CAC-4B5F-B814-1DB9D08AF4E3}.Release|Any CPU.Build.0 = Release|Any CPU
		{09BAC518-1A66-42FD-A5BF-7F01367BF9A8}.Debug|Any CPU.ActiveCfg = Debug|Any CPU
		{09BAC518-1A66-42FD-A5BF-7F01367BF9A8}.Debug|Any CPU.Build.0 = Debug|Any CPU
		{09BAC518-1A66-42FD-A5BF-7F01367BF9A8}.Release|Any CPU.ActiveCfg = Release|Any CPU
		{09BAC518-1A66-42FD-A5BF-7F01367BF9A8}.Release|Any CPU.Build.0 = Release|Any CPU
		{6310861E-DEC2-41EE-9C55-C7703E872CF9}.Debug|Any CPU.ActiveCfg = Debug|Any CPU
		{6310861E-DEC2-41EE-9C55-C7703E872CF9}.Debug|Any CPU.Build.0 = Debug|Any CPU
		{6310861E-DEC2-41EE-9C55-C7703E872CF9}.Release|Any CPU.ActiveCfg = Release|Any CPU
		{6310861E-DEC2-41EE-9C55-C7703E872CF9}.Release|Any CPU.Build.0 = Release|Any CPU
		{3BEE0CB0-56FE-4218-8D7D-804D4D1021C2}.Debug|Any CPU.ActiveCfg = Debug|Any CPU
		{3BEE0CB0-56FE-4218-8D7D-804D4D1021C2}.Debug|Any CPU.Build.0 = Debug|Any CPU
		{3BEE0CB0-56FE-4218-8D7D-804D4D1021C2}.Release|Any CPU.ActiveCfg = Release|Any CPU
		{3BEE0CB0-56FE-4218-8D7D-804D4D1021C2}.Release|Any CPU.Build.0 = Release|Any CPU
	EndGlobalSection
	GlobalSection(SolutionProperties) = preSolution
		HideSolutionNode = FALSE
	EndGlobalSection
	GlobalSection(ExtensibilityGlobals) = postSolution
		SolutionGuid = {38F2B6EB-8A1C-4C30-8884-9DF026EB448C}
	EndGlobalSection
EndGlobal
