
Microsoft Visual Studio Solution File, Format Version 12.00
# Visual Studio 15
VisualStudioVersion = 15.0.28010.2016
MinimumVisualStudioVersion = 10.0.40219.1
Project("{9A19103F-16F7-4668-BE54-9A1E7A4F7556}") = "Dicts And HashSets", "Dicts And HashSets\Dicts And HashSets.csproj", "{8B71135A-635C-4030-B962-F2BA68391C8C}"
EndProject
Project("{9A19103F-16F7-4668-BE54-9A1E7A4F7556}") = "Average Student Grades", "Average Student Grades\Average Student Grades.csproj", "{9FA82B75-ECBD-48FB-8BC7-CD1B45C1CE3B}"
EndProject
Project("{FAE04EC0-301F-11D3-BF4B-00C04F79EFBC}") = "Unique Usernames", "Unique Usernames\Unique Usernames.csproj", "{740E06CF-C04A-4418-9EE5-5B21AA57C989}"
EndProject
Project("{FAE04EC0-301F-11D3-BF4B-00C04F79EFBC}") = "Sets of Elements", "Sets of Elements\Sets of Elements.csproj", "{F3944320-1BB2-4DB3-921D-7109FFBFF47B}"
EndProject
Project("{FAE04EC0-301F-11D3-BF4B-00C04F79EFBC}") = "Periodic Table", "Periodic Table\Periodic Table.csproj", "{FFE86594-9353-41C7-8BE1-019D5D81A493}"
EndProject
Project("{FAE04EC0-301F-11D3-BF4B-00C04F79EFBC}") = "Even Times", "Even Times\Even Times.csproj", "{EE8990B1-9014-463F-837E-4E528494CA58}"
EndProject
Project("{FAE04EC0-301F-11D3-BF4B-00C04F79EFBC}") = "Count Symbols", "Count Symbols\Count Symbols.csproj", "{F25C1B4C-CF1A-45C0-92B5-81B97932B417}"
EndProject
Project("{FAE04EC0-301F-11D3-BF4B-00C04F79EFBC}") = "Wardrobe", "Wardrobe\Wardrobe.csproj", "{74518179-4A52-4A72-8399-8E2BC06A937C}"
EndProject
Global
	GlobalSection(SolutionConfigurationPlatforms) = preSolution
		Debug|Any CPU = Debug|Any CPU
		Release|Any CPU = Release|Any CPU
	EndGlobalSection
	GlobalSection(ProjectConfigurationPlatforms) = postSolution
		{8B71135A-635C-4030-B962-F2BA68391C8C}.Debug|Any CPU.ActiveCfg = Debug|Any CPU
		{8B71135A-635C-4030-B962-F2BA68391C8C}.Debug|Any CPU.Build.0 = Debug|Any CPU
		{8B71135A-635C-4030-B962-F2BA68391C8C}.Release|Any CPU.ActiveCfg = Release|Any CPU
		{8B71135A-635C-4030-B962-F2BA68391C8C}.Release|Any CPU.Build.0 = Release|Any CPU
		{9FA82B75-ECBD-48FB-8BC7-CD1B45C1CE3B}.Debug|Any CPU.ActiveCfg = Debug|Any CPU
		{9FA82B75-ECBD-48FB-8BC7-CD1B45C1CE3B}.Debug|Any CPU.Build.0 = Debug|Any CPU
		{9FA82B75-ECBD-48FB-8BC7-CD1B45C1CE3B}.Release|Any CPU.ActiveCfg = Release|Any CPU
		{9FA82B75-ECBD-48FB-8BC7-CD1B45C1CE3B}.Release|Any CPU.Build.0 = Release|Any CPU
		{740E06CF-C04A-4418-9EE5-5B21AA57C989}.Debug|Any CPU.ActiveCfg = Debug|Any CPU
		{740E06CF-C04A-4418-9EE5-5B21AA57C989}.Debug|Any CPU.Build.0 = Debug|Any CPU
		{740E06CF-C04A-4418-9EE5-5B21AA57C989}.Release|Any CPU.ActiveCfg = Release|Any CPU
		{740E06CF-C04A-4418-9EE5-5B21AA57C989}.Release|Any CPU.Build.0 = Release|Any CPU
		{F3944320-1BB2-4DB3-921D-7109FFBFF47B}.Debug|Any CPU.ActiveCfg = Debug|Any CPU
		{F3944320-1BB2-4DB3-921D-7109FFBFF47B}.Debug|Any CPU.Build.0 = Debug|Any CPU
		{F3944320-1BB2-4DB3-921D-7109FFBFF47B}.Release|Any CPU.ActiveCfg = Release|Any CPU
		{F3944320-1BB2-4DB3-921D-7109FFBFF47B}.Release|Any CPU.Build.0 = Release|Any CPU
		{FFE86594-9353-41C7-8BE1-019D5D81A493}.Debug|Any CPU.ActiveCfg = Debug|Any CPU
		{FFE86594-9353-41C7-8BE1-019D5D81A493}.Debug|Any CPU.Build.0 = Debug|Any CPU
		{FFE86594-9353-41C7-8BE1-019D5D81A493}.Release|Any CPU.ActiveCfg = Release|Any CPU
		{FFE86594-9353-41C7-8BE1-019D5D81A493}.Release|Any CPU.Build.0 = Release|Any CPU
		{EE8990B1-9014-463F-837E-4E528494CA58}.Debug|Any CPU.ActiveCfg = Debug|Any CPU
		{EE8990B1-9014-463F-837E-4E528494CA58}.Debug|Any CPU.Build.0 = Debug|Any CPU
		{EE8990B1-9014-463F-837E-4E528494CA58}.Release|Any CPU.ActiveCfg = Release|Any CPU
		{EE8990B1-9014-463F-837E-4E528494CA58}.Release|Any CPU.Build.0 = Release|Any CPU
		{F25C1B4C-CF1A-45C0-92B5-81B97932B417}.Debug|Any CPU.ActiveCfg = Debug|Any CPU
		{F25C1B4C-CF1A-45C0-92B5-81B97932B417}.Debug|Any CPU.Build.0 = Debug|Any CPU
		{F25C1B4C-CF1A-45C0-92B5-81B97932B417}.Release|Any CPU.ActiveCfg = Release|Any CPU
		{F25C1B4C-CF1A-45C0-92B5-81B97932B417}.Release|Any CPU.Build.0 = Release|Any CPU
		{74518179-4A52-4A72-8399-8E2BC06A937C}.Debug|Any CPU.ActiveCfg = Debug|Any CPU
		{74518179-4A52-4A72-8399-8E2BC06A937C}.Debug|Any CPU.Build.0 = Debug|Any CPU
		{74518179-4A52-4A72-8399-8E2BC06A937C}.Release|Any CPU.ActiveCfg = Release|Any CPU
		{74518179-4A52-4A72-8399-8E2BC06A937C}.Release|Any CPU.Build.0 = Release|Any CPU
	EndGlobalSection
	GlobalSection(SolutionProperties) = preSolution
		HideSolutionNode = FALSE
	EndGlobalSection
	GlobalSection(ExtensibilityGlobals) = postSolution
		SolutionGuid = {5DDCD974-EC7D-43ED-909F-3F16A2FD4FFE}
	EndGlobalSection
EndGlobal
